
Microsoft Visual Studio Solution File, Format Version 12.00
# Visual Studio Version 16
VisualStudioVersion = 16.0.31515.178
MinimumVisualStudioVersion = 10.0.40219.1
Project("{FAE04EC0-301F-11D3-BF4B-00C04F79EFBC}") = "CarsAnnouncements", "CarsAnnouncements\CarsAnnouncements.csproj", "{EC37AFA4-4A0C-4B31-96A3-26ED1F8586E6}"
EndProject
Global
	GlobalSection(SolutionConfigurationPlatforms) = preSolution
		Debug|Any CPU = Debug|Any CPU
		Release|Any CPU = Release|Any CPU
	EndGlobalSection
	GlobalSection(ProjectConfigurationPlatforms) = postSolution
		{EC37AFA4-4A0C-4B31-96A3-26ED1F8586E6}.Debug|Any CPU.ActiveCfg = Debug|Any CPU
		{EC37AFA4-4A0C-4B31-96A3-26ED1F8586E6}.Debug|Any CPU.Build.0 = Debug|Any CPU
		{EC37AFA4-4A0C-4B31-96A3-26ED1F8586E6}.Release|Any CPU.ActiveCfg = Release|Any CPU
		{EC37AFA4-4A0C-4B31-96A3-26ED1F8586E6}.Release|Any CPU.Build.0 = Release|Any CPU
	EndGlobalSection
	GlobalSection(SolutionProperties) = preSolution
		HideSolutionNode = FALSE
	EndGlobalSection
	GlobalSection(ExtensibilityGlobals) = postSolution
		SolutionGuid = {BAAF0717-439F-445D-9DEF-1CAB2F29D7CB}
	EndGlobalSection
EndGlobal
